
Microsoft Visual Studio Solution File, Format Version 12.00
# Visual Studio 2013
VisualStudioVersion = 12.0.30501.0
MinimumVisualStudioVersion = 10.0.40219.1
Project("{FAE04EC0-301F-11D3-BF4B-00C04F79EFBC}") = "KthFactorial", "KthFactorial\KthFactorial.csproj", "{7A97463B-7F73-4028-B391-EBB751445569}"
EndProject
Project("{FAE04EC0-301F-11D3-BF4B-00C04F79EFBC}") = "Taylor", "Taylor\Taylor.csproj", "{1F0B6FCA-D4AF-4BA1-8BAF-188C37BF2886}"
EndProject
Project("{FAE04EC0-301F-11D3-BF4B-00C04F79EFBC}") = "Quaternions", "Quaternions\Quaternions.csproj", "{89ACF7CC-60B8-4A6C-BD65-60AAAB61CE1E}"
EndProject
Global
	GlobalSection(SolutionConfigurationPlatforms) = preSolution
		Debug|Any CPU = Debug|Any CPU
		Release|Any CPU = Release|Any CPU
	EndGlobalSection
	GlobalSection(ProjectConfigurationPlatforms) = postSolution
		{7A97463B-7F73-4028-B391-EBB751445569}.Debug|Any CPU.ActiveCfg = Debug|Any CPU
		{7A97463B-7F73-4028-B391-EBB751445569}.Debug|Any CPU.Build.0 = Debug|Any CPU
		{7A97463B-7F73-4028-B391-EBB751445569}.Release|Any CPU.ActiveCfg = Release|Any CPU
		{7A97463B-7F73-4028-B391-EBB751445569}.Release|Any CPU.Build.0 = Release|Any CPU
		{1F0B6FCA-D4AF-4BA1-8BAF-188C37BF2886}.Debug|Any CPU.ActiveCfg = Debug|Any CPU
		{1F0B6FCA-D4AF-4BA1-8BAF-188C37BF2886}.Debug|Any CPU.Build.0 = Debug|Any CPU
		{1F0B6FCA-D4AF-4BA1-8BAF-188C37BF2886}.Release|Any CPU.ActiveCfg = Release|Any CPU
		{1F0B6FCA-D4AF-4BA1-8BAF-188C37BF2886}.Release|Any CPU.Build.0 = Release|Any CPU
		{89ACF7CC-60B8-4A6C-BD65-60AAAB61CE1E}.Debug|Any CPU.ActiveCfg = Debug|Any CPU
		{89ACF7CC-60B8-4A6C-BD65-60AAAB61CE1E}.Debug|Any CPU.Build.0 = Debug|Any CPU
		{89ACF7CC-60B8-4A6C-BD65-60AAAB61CE1E}.Release|Any CPU.ActiveCfg = Release|Any CPU
		{89ACF7CC-60B8-4A6C-BD65-60AAAB61CE1E}.Release|Any CPU.Build.0 = Release|Any CPU
	EndGlobalSection
	GlobalSection(SolutionProperties) = preSolution
		HideSolutionNode = FALSE
	EndGlobalSection
EndGlobal
